
Microsoft Visual Studio Solution File, Format Version 12.00
# Visual Studio Version 16
VisualStudioVersion = 16.0.30011.22
MinimumVisualStudioVersion = 10.0.40219.1
Project("{FAE04EC0-301F-11D3-BF4B-00C04F79EFBC}") = "NodeManager", "NodeManager\NodeManager.csproj", "{B77DA329-18EE-4A28-A3B9-8BF107B9768A}"
EndProject
Global
	GlobalSection(SolutionConfigurationPlatforms) = preSolution
		Debug|Any CPU = Debug|Any CPU
		Release|Any CPU = Release|Any CPU
	EndGlobalSection
	GlobalSection(ProjectConfigurationPlatforms) = postSolution
		{B77DA329-18EE-4A28-A3B9-8BF107B9768A}.Debug|Any CPU.ActiveCfg = Debug|Any CPU
		{B77DA329-18EE-4A28-A3B9-8BF107B9768A}.Debug|Any CPU.Build.0 = Debug|Any CPU
		{B77DA329-18EE-4A28-A3B9-8BF107B9768A}.Release|Any CPU.ActiveCfg = Release|Any CPU
		{B77DA329-18EE-4A28-A3B9-8BF107B9768A}.Release|Any CPU.Build.0 = Release|Any CPU
	EndGlobalSection
	GlobalSection(SolutionProperties) = preSolution
		HideSolutionNode = FALSE
	EndGlobalSection
	GlobalSection(ExtensibilityGlobals) = postSolution
		SolutionGuid = {06A87BEA-8D01-4F11-930D-32E340381A92}
	EndGlobalSection
EndGlobal
